
Microsoft Visual Studio Solution File, Format Version 12.00
# Visual Studio Version 16
VisualStudioVersion = 16.0.29806.167
MinimumVisualStudioVersion = 10.0.40219.1
Project("{2150E333-8FDC-42A3-9474-1A3956D46DE8}") = "fichas", "fichas", "{DD1BADE0-467B-4C41-AB29-998E695BCA83}"
EndProject
Project("{9A19103F-16F7-4668-BE54-9A1E7A4F7556}") = "Consola", "Consola\Consola.csproj", "{8BD3D147-0EA0-44A2-96FE-134658DF33CC}"
EndProject
Project("{9A19103F-16F7-4668-BE54-9A1E7A4F7556}") = "ficha 6", "ficha 6\ficha 6.csproj", "{13013368-B4D1-4464-B363-AC89FF7D1EBA}"
EndProject
Project("{FAE04EC0-301F-11D3-BF4B-00C04F79EFBC}") = "ClassLibrary1", "..\..\..\..\..\team\ClassLibrary1\ClassLibrary1.csproj", "{F45D3E2A-BCD2-4419-B447-1A3AC11FCFDF}"
EndProject
Project("{FAE04EC0-301F-11D3-BF4B-00C04F79EFBC}") = "Ficha7", "Ficha7\Ficha7.csproj", "{9BD2CF1E-EE1E-4F07-9727-7F42EF25E503}"
EndProject
Global
	GlobalSection(SolutionConfigurationPlatforms) = preSolution
		Debug|Any CPU = Debug|Any CPU
		Release|Any CPU = Release|Any CPU
	EndGlobalSection
	GlobalSection(ProjectConfigurationPlatforms) = postSolution
		{8BD3D147-0EA0-44A2-96FE-134658DF33CC}.Debug|Any CPU.ActiveCfg = Debug|Any CPU
		{8BD3D147-0EA0-44A2-96FE-134658DF33CC}.Debug|Any CPU.Build.0 = Debug|Any CPU
		{8BD3D147-0EA0-44A2-96FE-134658DF33CC}.Release|Any CPU.ActiveCfg = Release|Any CPU
		{8BD3D147-0EA0-44A2-96FE-134658DF33CC}.Release|Any CPU.Build.0 = Release|Any CPU
		{13013368-B4D1-4464-B363-AC89FF7D1EBA}.Debug|Any CPU.ActiveCfg = Debug|Any CPU
		{13013368-B4D1-4464-B363-AC89FF7D1EBA}.Debug|Any CPU.Build.0 = Debug|Any CPU
		{13013368-B4D1-4464-B363-AC89FF7D1EBA}.Release|Any CPU.ActiveCfg = Release|Any CPU
		{13013368-B4D1-4464-B363-AC89FF7D1EBA}.Release|Any CPU.Build.0 = Release|Any CPU
		{F45D3E2A-BCD2-4419-B447-1A3AC11FCFDF}.Debug|Any CPU.ActiveCfg = Debug|Any CPU
		{F45D3E2A-BCD2-4419-B447-1A3AC11FCFDF}.Debug|Any CPU.Build.0 = Debug|Any CPU
		{F45D3E2A-BCD2-4419-B447-1A3AC11FCFDF}.Release|Any CPU.ActiveCfg = Release|Any CPU
		{F45D3E2A-BCD2-4419-B447-1A3AC11FCFDF}.Release|Any CPU.Build.0 = Release|Any CPU
		{9BD2CF1E-EE1E-4F07-9727-7F42EF25E503}.Debug|Any CPU.ActiveCfg = Debug|Any CPU
		{9BD2CF1E-EE1E-4F07-9727-7F42EF25E503}.Debug|Any CPU.Build.0 = Debug|Any CPU
		{9BD2CF1E-EE1E-4F07-9727-7F42EF25E503}.Release|Any CPU.ActiveCfg = Release|Any CPU
		{9BD2CF1E-EE1E-4F07-9727-7F42EF25E503}.Release|Any CPU.Build.0 = Release|Any CPU
	EndGlobalSection
	GlobalSection(SolutionProperties) = preSolution
		HideSolutionNode = FALSE
	EndGlobalSection
	GlobalSection(NestedProjects) = preSolution
		{13013368-B4D1-4464-B363-AC89FF7D1EBA} = {DD1BADE0-467B-4C41-AB29-998E695BCA83}
		{F45D3E2A-BCD2-4419-B447-1A3AC11FCFDF} = {DD1BADE0-467B-4C41-AB29-998E695BCA83}
	EndGlobalSection
	GlobalSection(ExtensibilityGlobals) = postSolution
		SolutionGuid = {E2ADCA1B-0E29-4CF7-B1AE-72858BA963CD}
	EndGlobalSection
EndGlobal
